
Microsoft Visual Studio Solution File, Format Version 12.00
# Visual Studio Version 17
VisualStudioVersion = 17.11.35312.102
MinimumVisualStudioVersion = 10.0.40219.1
Project("{F184B08F-C81C-45F6-A57F-5ABD9991F28F}") = "Moha_VideoClub", "Moha_VideoClub\Moha_VideoClub.vbproj", "{C2BCFC43-9E20-49B2-B1C0-FEC610CB73E1}"
EndProject
Global
	GlobalSection(SolutionConfigurationPlatforms) = preSolution
		Debug|Any CPU = Debug|Any CPU
		Release|Any CPU = Release|Any CPU
	EndGlobalSection
	GlobalSection(ProjectConfigurationPlatforms) = postSolution
		{C2BCFC43-9E20-49B2-B1C0-FEC610CB73E1}.Debug|Any CPU.ActiveCfg = Debug|Any CPU
		{C2BCFC43-9E20-49B2-B1C0-FEC610CB73E1}.Debug|Any CPU.Build.0 = Debug|Any CPU
		{C2BCFC43-9E20-49B2-B1C0-FEC610CB73E1}.Release|Any CPU.ActiveCfg = Release|Any CPU
		{C2BCFC43-9E20-49B2-B1C0-FEC610CB73E1}.Release|Any CPU.Build.0 = Release|Any CPU
	EndGlobalSection
	GlobalSection(SolutionProperties) = preSolution
		HideSolutionNode = FALSE
	EndGlobalSection
	GlobalSection(ExtensibilityGlobals) = postSolution
		SolutionGuid = {A65DCB81-66C1-419D-9AD8-481370FC505A}
	EndGlobalSection
EndGlobal
